
Microsoft Visual Studio Solution File, Format Version 12.00
# Visual Studio Version 16
VisualStudioVersion = 16.0.29613.14
MinimumVisualStudioVersion = 10.0.40219.1
Project("{FAE04EC0-301F-11D3-BF4B-00C04F79EFBC}") = "Q. F", "Q. F\Q. F.csproj", "{05804963-ACA8-4F64-A9BC-0788BC7A299F}"
EndProject
Global
	GlobalSection(SolutionConfigurationPlatforms) = preSolution
		Debug|Any CPU = Debug|Any CPU
		Release|Any CPU = Release|Any CPU
	EndGlobalSection
	GlobalSection(ProjectConfigurationPlatforms) = postSolution
		{05804963-ACA8-4F64-A9BC-0788BC7A299F}.Debug|Any CPU.ActiveCfg = Debug|Any CPU
		{05804963-ACA8-4F64-A9BC-0788BC7A299F}.Debug|Any CPU.Build.0 = Debug|Any CPU
		{05804963-ACA8-4F64-A9BC-0788BC7A299F}.Release|Any CPU.ActiveCfg = Release|Any CPU
		{05804963-ACA8-4F64-A9BC-0788BC7A299F}.Release|Any CPU.Build.0 = Release|Any CPU
	EndGlobalSection
	GlobalSection(SolutionProperties) = preSolution
		HideSolutionNode = FALSE
	EndGlobalSection
	GlobalSection(ExtensibilityGlobals) = postSolution
		SolutionGuid = {A66B7536-FFF1-4155-88B9-A5D526939E90}
	EndGlobalSection
EndGlobal
