
Microsoft Visual Studio Solution File, Format Version 12.00
# Visual Studio Version 16
VisualStudioVersion = 16.0.29613.14
MinimumVisualStudioVersion = 10.0.40219.1
Project("{FAE04EC0-301F-11D3-BF4B-00C04F79EFBC}") = "Exercício 1", "Exercício 1\Exercício 1.csproj", "{8A7B7787-455C-4DF6-A4DE-4FDD248BA56A}"
EndProject
Project("{9A19103F-16F7-4668-BE54-9A1E7A4F7556}") = "Exercicio 22", "Exercicio 22\Exercicio 22.csproj", "{8AC9ED33-59DE-41DC-B05B-D346BE08A8C5}"
EndProject
Project("{FAE04EC0-301F-11D3-BF4B-00C04F79EFBC}") = "Exercicio 3", "Questão 3\Exercicio 3.csproj", "{05AC579B-E445-4850-A6CB-105439808B02}"
EndProject
Project("{FAE04EC0-301F-11D3-BF4B-00C04F79EFBC}") = "Exercício 4", "Exercício 4\Exercício 4.csproj", "{3ED64EB1-B7CA-4B50-8AC5-A9F6F1307068}"
EndProject
Project("{FAE04EC0-301F-11D3-BF4B-00C04F79EFBC}") = "Exercicio 5", "Exercicio 5\Exercicio 5.csproj", "{2B6CFDA6-27E0-4F32-B139-6CB90FAF1C3D}"
EndProject
Project("{FAE04EC0-301F-11D3-BF4B-00C04F79EFBC}") = "Exercicio 6", "Exercicio 6\Exercicio 6.csproj", "{C05DDFB5-EE1B-4693-B1BA-AAE1C23A2806}"
EndProject
Project("{FAE04EC0-301F-11D3-BF4B-00C04F79EFBC}") = "Exercicio 7", "Exercicio 7\Exercicio 7.csproj", "{C275C036-107A-4BAF-99EE-5B541CAB8F38}"
EndProject
Project("{FAE04EC0-301F-11D3-BF4B-00C04F79EFBC}") = "Exercicio 8", "Exercicio 8\Exercicio 8.csproj", "{0AC4EC2F-A1FD-412E-8C32-8638A907FF74}"
EndProject
Global
	GlobalSection(SolutionConfigurationPlatforms) = preSolution
		Debug|Any CPU = Debug|Any CPU
		Release|Any CPU = Release|Any CPU
	EndGlobalSection
	GlobalSection(ProjectConfigurationPlatforms) = postSolution
		{8A7B7787-455C-4DF6-A4DE-4FDD248BA56A}.Debug|Any CPU.ActiveCfg = Debug|Any CPU
		{8A7B7787-455C-4DF6-A4DE-4FDD248BA56A}.Debug|Any CPU.Build.0 = Debug|Any CPU
		{8A7B7787-455C-4DF6-A4DE-4FDD248BA56A}.Release|Any CPU.ActiveCfg = Release|Any CPU
		{8A7B7787-455C-4DF6-A4DE-4FDD248BA56A}.Release|Any CPU.Build.0 = Release|Any CPU
		{8AC9ED33-59DE-41DC-B05B-D346BE08A8C5}.Debug|Any CPU.ActiveCfg = Debug|Any CPU
		{8AC9ED33-59DE-41DC-B05B-D346BE08A8C5}.Debug|Any CPU.Build.0 = Debug|Any CPU
		{8AC9ED33-59DE-41DC-B05B-D346BE08A8C5}.Release|Any CPU.ActiveCfg = Release|Any CPU
		{8AC9ED33-59DE-41DC-B05B-D346BE08A8C5}.Release|Any CPU.Build.0 = Release|Any CPU
		{05AC579B-E445-4850-A6CB-105439808B02}.Debug|Any CPU.ActiveCfg = Debug|Any CPU
		{05AC579B-E445-4850-A6CB-105439808B02}.Debug|Any CPU.Build.0 = Debug|Any CPU
		{05AC579B-E445-4850-A6CB-105439808B02}.Release|Any CPU.ActiveCfg = Release|Any CPU
		{05AC579B-E445-4850-A6CB-105439808B02}.Release|Any CPU.Build.0 = Release|Any CPU
		{3ED64EB1-B7CA-4B50-8AC5-A9F6F1307068}.Debug|Any CPU.ActiveCfg = Debug|Any CPU
		{3ED64EB1-B7CA-4B50-8AC5-A9F6F1307068}.Debug|Any CPU.Build.0 = Debug|Any CPU
		{3ED64EB1-B7CA-4B50-8AC5-A9F6F1307068}.Release|Any CPU.ActiveCfg = Release|Any CPU
		{3ED64EB1-B7CA-4B50-8AC5-A9F6F1307068}.Release|Any CPU.Build.0 = Release|Any CPU
		{2B6CFDA6-27E0-4F32-B139-6CB90FAF1C3D}.Debug|Any CPU.ActiveCfg = Debug|Any CPU
		{2B6CFDA6-27E0-4F32-B139-6CB90FAF1C3D}.Debug|Any CPU.Build.0 = Debug|Any CPU
		{2B6CFDA6-27E0-4F32-B139-6CB90FAF1C3D}.Release|Any CPU.ActiveCfg = Release|Any CPU
		{2B6CFDA6-27E0-4F32-B139-6CB90FAF1C3D}.Release|Any CPU.Build.0 = Release|Any CPU
		{C05DDFB5-EE1B-4693-B1BA-AAE1C23A2806}.Debug|Any CPU.ActiveCfg = Debug|Any CPU
		{C05DDFB5-EE1B-4693-B1BA-AAE1C23A2806}.Debug|Any CPU.Build.0 = Debug|Any CPU
		{C05DDFB5-EE1B-4693-B1BA-AAE1C23A2806}.Release|Any CPU.ActiveCfg = Release|Any CPU
		{C05DDFB5-EE1B-4693-B1BA-AAE1C23A2806}.Release|Any CPU.Build.0 = Release|Any CPU
		{C275C036-107A-4BAF-99EE-5B541CAB8F38}.Debug|Any CPU.ActiveCfg = Debug|Any CPU
		{C275C036-107A-4BAF-99EE-5B541CAB8F38}.Debug|Any CPU.Build.0 = Debug|Any CPU
		{C275C036-107A-4BAF-99EE-5B541CAB8F38}.Release|Any CPU.ActiveCfg = Release|Any CPU
		{C275C036-107A-4BAF-99EE-5B541CAB8F38}.Release|Any CPU.Build.0 = Release|Any CPU
		{0AC4EC2F-A1FD-412E-8C32-8638A907FF74}.Debug|Any CPU.ActiveCfg = Debug|Any CPU
		{0AC4EC2F-A1FD-412E-8C32-8638A907FF74}.Debug|Any CPU.Build.0 = Debug|Any CPU
		{0AC4EC2F-A1FD-412E-8C32-8638A907FF74}.Release|Any CPU.ActiveCfg = Release|Any CPU
		{0AC4EC2F-A1FD-412E-8C32-8638A907FF74}.Release|Any CPU.Build.0 = Release|Any CPU
	EndGlobalSection
	GlobalSection(SolutionProperties) = preSolution
		HideSolutionNode = FALSE
	EndGlobalSection
	GlobalSection(ExtensibilityGlobals) = postSolution
		SolutionGuid = {D2B332A7-C0FA-4B4A-8B18-F157369F8ED5}
	EndGlobalSection
EndGlobal
